
Microsoft Visual Studio Solution File, Format Version 12.00
# Visual Studio Version 16
VisualStudioVersion = 16.0.31624.102
MinimumVisualStudioVersion = 10.0.40219.1
Project("{FAE04EC0-301F-11D3-BF4B-00C04F79EFBC}") = "HomeWork_8.3", "HomeWork_8.3\HomeWork_8.3.csproj", "{629FA628-2678-4BBF-900F-5059FD0EC410}"
EndProject
Global
	GlobalSection(SolutionConfigurationPlatforms) = preSolution
		Debug|Any CPU = Debug|Any CPU
		Release|Any CPU = Release|Any CPU
	EndGlobalSection
	GlobalSection(ProjectConfigurationPlatforms) = postSolution
		{629FA628-2678-4BBF-900F-5059FD0EC410}.Debug|Any CPU.ActiveCfg = Debug|Any CPU
		{629FA628-2678-4BBF-900F-5059FD0EC410}.Debug|Any CPU.Build.0 = Debug|Any CPU
		{629FA628-2678-4BBF-900F-5059FD0EC410}.Release|Any CPU.ActiveCfg = Release|Any CPU
		{629FA628-2678-4BBF-900F-5059FD0EC410}.Release|Any CPU.Build.0 = Release|Any CPU
	EndGlobalSection
	GlobalSection(SolutionProperties) = preSolution
		HideSolutionNode = FALSE
	EndGlobalSection
	GlobalSection(ExtensibilityGlobals) = postSolution
		SolutionGuid = {5F723C0D-A767-45DE-B857-6DD7F1A225DC}
	EndGlobalSection
EndGlobal
